// !$*UTF8*$!
{
	archiveVersion = 1;
	classes = {
	};
	objectVersion = 51;
	objects = {

/* Begin PBXBuildFile section */
		2A120AB0226F421F0084DB8F /* AppDelegate.m in Sources */ = {isa = PBXBuildFile; fileRef = 2A120AAF226F421F0084DB8F /* AppDelegate.m */; };
		2A120AB6226F421F0084DB8F /* Main.storyboard in Resources */ = {isa = PBXBuildFile; fileRef = 2A120AB4226F421F0084DB8F /* Main.storyboard */; };
		2A120AB8226F42210084DB8F /* Assets.xcassets in Resources */ = {isa = PBXBuildFile; fileRef = 2A120AB7226F42210084DB8F /* Assets.xcassets */; };
		2A120ABB226F42210084DB8F /* LaunchScreen.storyboard in Resources */ = {isa = PBXBuildFile; fileRef = 2A120AB9226F42210084DB8F /* LaunchScreen.storyboard */; };
		2A120ABE226F42210084DB8F /* main.m in Sources */ = {isa = PBXBuildFile; fileRef = 2A120ABD226F42210084DB8F /* main.m */; };
		2A1C5D5127460F0000706A0C /* RequestCache.swift in Sources */ = {isa = PBXBuildFile; fileRef = 2A1C5D5027460F0000706A0C /* RequestCache.swift */; };
		2A25A72124860A7E00402A55 /* RACRequenceTests.m in Sources */ = {isa = PBXBuildFile; fileRef = 2A25A72024860A7E00402A55 /* RACRequenceTests.m */; };
		2A43A1A426E8DF9F003F618A /* filedata.xcassets in Resources */ = {isa = PBXBuildFile; fileRef = 2A43A1A326E8DF9F003F618A /* filedata.xcassets */; };
		2A508581274B6CBD0018F2B8 /* ModelStore.swift in Sources */ = {isa = PBXBuildFile; fileRef = 2A508580274B6CBD0018F2B8 /* ModelStore.swift */; };
		2A508583274B6CFD0018F2B8 /* TypeSelection.swift in Sources */ = {isa = PBXBuildFile; fileRef = 2A508582274B6CFD0018F2B8 /* TypeSelection.swift */; };
		2A508585274B6F580018F2B8 /* BitSemantic.swift in Sources */ = {isa = PBXBuildFile; fileRef = 2A508584274B6F580018F2B8 /* BitSemantic.swift */; };
		2A508587274B6FD00018F2B8 /* NumericOperations.swift in Sources */ = {isa = PBXBuildFile; fileRef = 2A508586274B6FD00018F2B8 /* NumericOperations.swift */; };
		2A609376273B7010000D7D26 /* Request.swift in Sources */ = {isa = PBXBuildFile; fileRef = 2A609375273B7010000D7D26 /* Request.swift */; };
		2A609378273B71C4000D7D26 /* ArticleRequest.swift in Sources */ = {isa = PBXBuildFile; fileRef = 2A609377273B71C4000D7D26 /* ArticleRequest.swift */; };
		2A60937A273B7351000D7D26 /* Networker.swift in Sources */ = {isa = PBXBuildFile; fileRef = 2A609379273B7351000D7D26 /* Networker.swift */; };
		2A60937C273B7572000D7D26 /* ArticlesViewModel.swift in Sources */ = {isa = PBXBuildFile; fileRef = 2A60937B273B7572000D7D26 /* ArticlesViewModel.swift */; };
		2A60937E273B786D000D7D26 /* Article.swift in Sources */ = {isa = PBXBuildFile; fileRef = 2A60937D273B786D000D7D26 /* Article.swift */; };
		2A609380273B8E44000D7D26 /* ViewController.swift in Sources */ = {isa = PBXBuildFile; fileRef = 2A60937F273B8E44000D7D26 /* ViewController.swift */; };
		2A609384273BA02F000D7D26 /* URLSessionDecodable.swift in Sources */ = {isa = PBXBuildFile; fileRef = 2A609383273BA02F000D7D26 /* URLSessionDecodable.swift */; };
		2A609387273BAE01000D7D26 /* ArticlesViewModelTests.swift in Sources */ = {isa = PBXBuildFile; fileRef = 2A609385273BAD0D000D7D26 /* ArticlesViewModelTests.swift */; };
		2A84313726E795A400A6F209 /* libc++.tbd in Frameworks */ = {isa = PBXBuildFile; fileRef = 2A84313626E7958A00A6F209 /* libc++.tbd */; };
		2A87999D276CA90400C3165C /* String+Extensions.swift in Sources */ = {isa = PBXBuildFile; fileRef = 2A87999C276CA90400C3165C /* String+Extensions.swift */; };
		2A8CC5EA2774293C0065BA3E /* FoundationTests.swift in Sources */ = {isa = PBXBuildFile; fileRef = 2A8CC5E92774293C0065BA3E /* FoundationTests.swift */; };
		2A9B499126F0456100505E3A /* NSString+Ext.m in Sources */ = {isa = PBXBuildFile; fileRef = 2A9B498F26F0456100505E3A /* NSString+Ext.m */; };
		2A9B499426F045E600505E3A /* NSDictionary+HJBlocks.m in Sources */ = {isa = PBXBuildFile; fileRef = 2A9B499326F045E600505E3A /* NSDictionary+HJBlocks.m */; };
		2A9B499A26F046C100505E3A /* NSArray+HJBlocks.m in Sources */ = {isa = PBXBuildFile; fileRef = 2A9B499926F046C100505E3A /* NSArray+HJBlocks.m */; };
		2AB29CD5237C150500A1A8CB /* JenTest.swift in Sources */ = {isa = PBXBuildFile; fileRef = 2AB29CD4237C150500A1A8CB /* JenTest.swift */; };
		2AB8AC9227211B020051C134 /* PrintViewController.m in Sources */ = {isa = PBXBuildFile; fileRef = 2AB8AC9127211B020051C134 /* PrintViewController.m */; };
		2AC86EEA273A67F500ED9393 /* ContentView.swift in Sources */ = {isa = PBXBuildFile; fileRef = 2AC86EE9273A67F500ED9393 /* ContentView.swift */; };
		2AC86EEC273A680E00ED9393 /* QuadTree.swift in Sources */ = {isa = PBXBuildFile; fileRef = 2AC86EEB273A680E00ED9393 /* QuadTree.swift */; };
		2AC86EEE273A681F00ED9393 /* QuadTreeView.swift in Sources */ = {isa = PBXBuildFile; fileRef = 2AC86EED273A681F00ED9393 /* QuadTreeView.swift */; };
		2AC86EF0273A682900ED9393 /* QuadTreeViewModel.swift in Sources */ = {isa = PBXBuildFile; fileRef = 2AC86EEF273A682900ED9393 /* QuadTreeViewModel.swift */; };
		2ADF245F27114337008B817C /* UIColor+Hex.m in Sources */ = {isa = PBXBuildFile; fileRef = 2ADF245D27114337008B817C /* UIColor+Hex.m */; };
		2AE2C64E2484FA51001F69B6 /* RACStreamTests.m in Sources */ = {isa = PBXBuildFile; fileRef = 2AE2C64D2484FA51001F69B6 /* RACStreamTests.m */; };
		2AE2C65C2485043B001F69B6 /* RACSignalTests.m in Sources */ = {isa = PBXBuildFile; fileRef = 2AE2C65B2485043B001F69B6 /* RACSignalTests.m */; };
		2AFA77FE2745F9BD00E9A0D5 /* ImageRequest.swift in Sources */ = {isa = PBXBuildFile; fileRef = 2AFA77FD2745F9BD00E9A0D5 /* ImageRequest.swift */; };
		A4C3EC685392E6B803A774A1 /* libPods-JenUnitTests.a in Frameworks */ = {isa = PBXBuildFile; fileRef = 6C70B28978BB0F88B065E98F /* libPods-JenUnitTests.a */; };
		E3130270DD13C906DA22DF20 /* libPods-JenTest.a in Frameworks */ = {isa = PBXBuildFile; fileRef = A6369EFDB03F846C5AC974BD /* libPods-JenTest.a */; };
/* End PBXBuildFile section */

/* Begin PBXContainerItemProxy section */
		2AE2C6502484FA51001F69B6 /* PBXContainerItemProxy */ = {
			isa = PBXContainerItemProxy;
			containerPortal = 2A120AA3226F421F0084DB8F /* Project object */;
			proxyType = 1;
			remoteGlobalIDString = 2A120AAA226F421F0084DB8F;
			remoteInfo = JenTest;
		};
/* End PBXContainerItemProxy section */

/* Begin PBXCopyFilesBuildPhase section */
		2AC5958A2270225800A6676D /* Embed Frameworks */ = {
			isa = PBXCopyFilesBuildPhase;
			buildActionMask = 2147483647;
			dstPath = "";
			dstSubfolderSpec = 10;
			files = (
			);
			name = "Embed Frameworks";
			runOnlyForDeploymentPostprocessing = 0;
		};
/* End PBXCopyFilesBuildPhase section */

/* Begin PBXFileReference section */
		1C6427A10D4DC6503515AFD9 /* Pods-JenTest.release.xcconfig */ = {isa = PBXFileReference; includeInIndex = 1; lastKnownFileType = text.xcconfig; name = "Pods-JenTest.release.xcconfig"; path = "Target Support Files/Pods-JenTest/Pods-JenTest.release.xcconfig"; sourceTree = "<group>"; };
		23A88EEF7A21D891E820C2E7 /* Pods-JenTest.debug.xcconfig */ = {isa = PBXFileReference; includeInIndex = 1; lastKnownFileType = text.xcconfig; name = "Pods-JenTest.debug.xcconfig"; path = "Target Support Files/Pods-JenTest/Pods-JenTest.debug.xcconfig"; sourceTree = "<group>"; };
		2A04692B277180EE000BBD55 /* Test.playground */ = {isa = PBXFileReference; lastKnownFileType = file.playground; path = Test.playground; sourceTree = "<group>"; xcLanguageSpecificationIdentifier = xcode.lang.swift; };
		2A0D3E1027366D2200C169F0 /* ARC.playground */ = {isa = PBXFileReference; lastKnownFileType = file.playground; path = ARC.playground; sourceTree = "<group>"; xcLanguageSpecificationIdentifier = xcode.lang.swift; };
		2A120AAB226F421F0084DB8F /* JenTest.app */ = {isa = PBXFileReference; explicitFileType = wrapper.application; includeInIndex = 0; path = JenTest.app; sourceTree = BUILT_PRODUCTS_DIR; };
		2A120AAE226F421F0084DB8F /* AppDelegate.h */ = {isa = PBXFileReference; lastKnownFileType = sourcecode.c.h; path = AppDelegate.h; sourceTree = "<group>"; };
		2A120AAF226F421F0084DB8F /* AppDelegate.m */ = {isa = PBXFileReference; lastKnownFileType = sourcecode.c.objc; path = AppDelegate.m; sourceTree = "<group>"; };
		2A120AB5226F421F0084DB8F /* Base */ = {isa = PBXFileReference; lastKnownFileType = file.storyboard; name = Base; path = Base.lproj/Main.storyboard; sourceTree = "<group>"; };
		2A120AB7226F42210084DB8F /* Assets.xcassets */ = {isa = PBXFileReference; lastKnownFileType = folder.assetcatalog; path = Assets.xcassets; sourceTree = "<group>"; };
		2A120ABA226F42210084DB8F /* Base */ = {isa = PBXFileReference; lastKnownFileType = file.storyboard; name = Base; path = Base.lproj/LaunchScreen.storyboard; sourceTree = "<group>"; };
		2A120ABC226F42210084DB8F /* Info.plist */ = {isa = PBXFileReference; lastKnownFileType = text.plist.xml; path = Info.plist; sourceTree = "<group>"; };
		2A120ABD226F42210084DB8F /* main.m */ = {isa = PBXFileReference; lastKnownFileType = sourcecode.c.objc; path = main.m; sourceTree = "<group>"; };
		2A1C5D5027460F0000706A0C /* RequestCache.swift */ = {isa = PBXFileReference; lastKnownFileType = sourcecode.swift; path = RequestCache.swift; sourceTree = "<group>"; };
		2A25A72024860A7E00402A55 /* RACRequenceTests.m */ = {isa = PBXFileReference; lastKnownFileType = sourcecode.c.objc; path = RACRequenceTests.m; sourceTree = "<group>"; };
		2A43A1A326E8DF9F003F618A /* filedata.xcassets */ = {isa = PBXFileReference; lastKnownFileType = folder.assetcatalog; path = filedata.xcassets; sourceTree = "<group>"; };
		2A508580274B6CBD0018F2B8 /* ModelStore.swift */ = {isa = PBXFileReference; lastKnownFileType = sourcecode.swift; path = ModelStore.swift; sourceTree = "<group>"; };
		2A508582274B6CFD0018F2B8 /* TypeSelection.swift */ = {isa = PBXFileReference; lastKnownFileType = sourcecode.swift; path = TypeSelection.swift; sourceTree = "<group>"; };
		2A508584274B6F580018F2B8 /* BitSemantic.swift */ = {isa = PBXFileReference; lastKnownFileType = sourcecode.swift; path = BitSemantic.swift; sourceTree = "<group>"; };
		2A508586274B6FD00018F2B8 /* NumericOperations.swift */ = {isa = PBXFileReference; lastKnownFileType = sourcecode.swift; path = NumericOperations.swift; sourceTree = "<group>"; };
		2A609375273B7010000D7D26 /* Request.swift */ = {isa = PBXFileReference; lastKnownFileType = sourcecode.swift; path = Request.swift; sourceTree = "<group>"; };
		2A609377273B71C4000D7D26 /* ArticleRequest.swift */ = {isa = PBXFileReference; lastKnownFileType = sourcecode.swift; path = ArticleRequest.swift; sourceTree = "<group>"; };
		2A609379273B7351000D7D26 /* Networker.swift */ = {isa = PBXFileReference; lastKnownFileType = sourcecode.swift; path = Networker.swift; sourceTree = "<group>"; };
		2A60937B273B7572000D7D26 /* ArticlesViewModel.swift */ = {isa = PBXFileReference; lastKnownFileType = sourcecode.swift; path = ArticlesViewModel.swift; sourceTree = "<group>"; };
		2A60937D273B786D000D7D26 /* Article.swift */ = {isa = PBXFileReference; lastKnownFileType = sourcecode.swift; path = Article.swift; sourceTree = "<group>"; };
		2A60937F273B8E44000D7D26 /* ViewController.swift */ = {isa = PBXFileReference; lastKnownFileType = sourcecode.swift; path = ViewController.swift; sourceTree = "<group>"; };
		2A609383273BA02F000D7D26 /* URLSessionDecodable.swift */ = {isa = PBXFileReference; lastKnownFileType = sourcecode.swift; path = URLSessionDecodable.swift; sourceTree = "<group>"; };
		2A609385273BAD0D000D7D26 /* ArticlesViewModelTests.swift */ = {isa = PBXFileReference; lastKnownFileType = sourcecode.swift; path = ArticlesViewModelTests.swift; sourceTree = "<group>"; };
		2A68E327272DA4E6004DA5BD /* Basic.playground */ = {isa = PBXFileReference; lastKnownFileType = file.playground; path = Basic.playground; sourceTree = "<group>"; xcLanguageSpecificationIdentifier = xcode.lang.swift; };
		2A6A2D6D2730E82F00E4FEDA /* Closure.playground */ = {isa = PBXFileReference; lastKnownFileType = file.playground; path = Closure.playground; sourceTree = "<group>"; xcLanguageSpecificationIdentifier = xcode.lang.swift; };
		2A6A2D6F273121BD00E4FEDA /* Enum.playground */ = {isa = PBXFileReference; lastKnownFileType = file.playground; path = Enum.playground; sourceTree = "<group>"; xcLanguageSpecificationIdentifier = xcode.lang.swift; };
		2A84313626E7958A00A6F209 /* libc++.tbd */ = {isa = PBXFileReference; lastKnownFileType = "sourcecode.text-based-dylib-definition"; name = "libc++.tbd"; path = "usr/lib/libc++.tbd"; sourceTree = SDKROOT; };
		2A84313826E795AA00A6F209 /* libc++abi.tbd */ = {isa = PBXFileReference; lastKnownFileType = "sourcecode.text-based-dylib-definition"; name = "libc++abi.tbd"; path = "usr/lib/libc++abi.tbd"; sourceTree = SDKROOT; };
		2A87999C276CA90400C3165C /* String+Extensions.swift */ = {isa = PBXFileReference; fileEncoding = 4; lastKnownFileType = sourcecode.swift; path = "String+Extensions.swift"; sourceTree = "<group>"; };
		2A8B041427449D7E0031D8DE /* Generic.playground */ = {isa = PBXFileReference; lastKnownFileType = file.playground; path = Generic.playground; sourceTree = "<group>"; xcLanguageSpecificationIdentifier = xcode.lang.swift; };
		2A8CC5E92774293C0065BA3E /* FoundationTests.swift */ = {isa = PBXFileReference; lastKnownFileType = sourcecode.swift; path = FoundationTests.swift; sourceTree = "<group>"; };
		2A9B498F26F0456100505E3A /* NSString+Ext.m */ = {isa = PBXFileReference; fileEncoding = 4; lastKnownFileType = sourcecode.c.objc; path = "NSString+Ext.m"; sourceTree = "<group>"; };
		2A9B499026F0456100505E3A /* NSString+Ext.h */ = {isa = PBXFileReference; fileEncoding = 4; lastKnownFileType = sourcecode.c.h; path = "NSString+Ext.h"; sourceTree = "<group>"; };
		2A9B499226F045E600505E3A /* NSDictionary+HJBlocks.h */ = {isa = PBXFileReference; fileEncoding = 4; lastKnownFileType = sourcecode.c.h; path = "NSDictionary+HJBlocks.h"; sourceTree = "<group>"; };
		2A9B499326F045E600505E3A /* NSDictionary+HJBlocks.m */ = {isa = PBXFileReference; fileEncoding = 4; lastKnownFileType = sourcecode.c.objc; path = "NSDictionary+HJBlocks.m"; sourceTree = "<group>"; };
		2A9B499826F046C100505E3A /* NSArray+HJBlocks.h */ = {isa = PBXFileReference; fileEncoding = 4; lastKnownFileType = sourcecode.c.h; path = "NSArray+HJBlocks.h"; sourceTree = "<group>"; };
		2A9B499926F046C100505E3A /* NSArray+HJBlocks.m */ = {isa = PBXFileReference; fileEncoding = 4; lastKnownFileType = sourcecode.c.objc; path = "NSArray+HJBlocks.m"; sourceTree = "<group>"; };
		2AB29CCF237C107300A1A8CB /* JenTest-Bridging-Header.h */ = {isa = PBXFileReference; lastKnownFileType = sourcecode.c.h; path = "JenTest-Bridging-Header.h"; sourceTree = "<group>"; };
		2AB29CD4237C150500A1A8CB /* JenTest.swift */ = {isa = PBXFileReference; lastKnownFileType = sourcecode.swift; path = JenTest.swift; sourceTree = "<group>"; };
		2AB85D4B273235D2003516C7 /* Class.playground */ = {isa = PBXFileReference; lastKnownFileType = file.playground; path = Class.playground; sourceTree = "<group>"; xcLanguageSpecificationIdentifier = xcode.lang.swift; };
		2AB8AC9027211B020051C134 /* PrintViewController.h */ = {isa = PBXFileReference; lastKnownFileType = sourcecode.c.h; path = PrintViewController.h; sourceTree = "<group>"; };
		2AB8AC9127211B020051C134 /* PrintViewController.m */ = {isa = PBXFileReference; lastKnownFileType = sourcecode.c.objc; path = PrintViewController.m; sourceTree = "<group>"; };
		2AC86EE7273A278C00ED9393 /* Exercise01.playground */ = {isa = PBXFileReference; lastKnownFileType = file.playground; path = Exercise01.playground; sourceTree = "<group>"; xcLanguageSpecificationIdentifier = xcode.lang.swift; };
		2AC86EE9273A67F500ED9393 /* ContentView.swift */ = {isa = PBXFileReference; lastKnownFileType = sourcecode.swift; path = ContentView.swift; sourceTree = "<group>"; };
		2AC86EEB273A680E00ED9393 /* QuadTree.swift */ = {isa = PBXFileReference; lastKnownFileType = sourcecode.swift; path = QuadTree.swift; sourceTree = "<group>"; };
		2AC86EED273A681F00ED9393 /* QuadTreeView.swift */ = {isa = PBXFileReference; lastKnownFileType = sourcecode.swift; path = QuadTreeView.swift; sourceTree = "<group>"; };
		2AC86EEF273A682900ED9393 /* QuadTreeViewModel.swift */ = {isa = PBXFileReference; lastKnownFileType = sourcecode.swift; path = QuadTreeViewModel.swift; sourceTree = "<group>"; };
		2AC86EF1273A83FC00ED9393 /* Protocols.playground */ = {isa = PBXFileReference; lastKnownFileType = file.playground; path = Protocols.playground; sourceTree = "<group>"; xcLanguageSpecificationIdentifier = xcode.lang.swift; };
		2AD989D92733870900FF3942 /* Initialization.playground */ = {isa = PBXFileReference; lastKnownFileType = file.playground; path = Initialization.playground; sourceTree = "<group>"; xcLanguageSpecificationIdentifier = xcode.lang.swift; };
		2AD989DC2734D1E700FF3942 /* Exception.playground */ = {isa = PBXFileReference; lastKnownFileType = file.playground; path = Exception.playground; sourceTree = "<group>"; xcLanguageSpecificationIdentifier = xcode.lang.swift; };
		2AD989DD2734E43B00FF3942 /* Concurrency.playground */ = {isa = PBXFileReference; lastKnownFileType = file.playground; path = Concurrency.playground; sourceTree = "<group>"; xcLanguageSpecificationIdentifier = xcode.lang.swift; };
		2AD989DE2735271C00FF3942 /* Extension.playground */ = {isa = PBXFileReference; lastKnownFileType = file.playground; path = Extension.playground; sourceTree = "<group>"; xcLanguageSpecificationIdentifier = xcode.lang.swift; };
		2ADF245D27114337008B817C /* UIColor+Hex.m */ = {isa = PBXFileReference; fileEncoding = 4; lastKnownFileType = sourcecode.c.objc; path = "UIColor+Hex.m"; sourceTree = "<group>"; };
		2ADF245E27114337008B817C /* UIColor+Hex.h */ = {isa = PBXFileReference; fileEncoding = 4; lastKnownFileType = sourcecode.c.h; path = "UIColor+Hex.h"; sourceTree = "<group>"; };
		2AE2C64B2484FA51001F69B6 /* JenUnitTests.xctest */ = {isa = PBXFileReference; explicitFileType = wrapper.cfbundle; includeInIndex = 0; path = JenUnitTests.xctest; sourceTree = BUILT_PRODUCTS_DIR; };
		2AE2C64D2484FA51001F69B6 /* RACStreamTests.m */ = {isa = PBXFileReference; lastKnownFileType = sourcecode.c.objc; path = RACStreamTests.m; sourceTree = "<group>"; };
		2AE2C64F2484FA51001F69B6 /* Info.plist */ = {isa = PBXFileReference; lastKnownFileType = text.plist.xml; path = Info.plist; sourceTree = "<group>"; };
		2AE2C65B2485043B001F69B6 /* RACSignalTests.m */ = {isa = PBXFileReference; lastKnownFileType = sourcecode.c.objc; path = RACSignalTests.m; sourceTree = "<group>"; };
		2AE2C65D248505F7001F69B6 /* Frameworks.h */ = {isa = PBXFileReference; lastKnownFileType = sourcecode.c.h; path = Frameworks.h; sourceTree = "<group>"; };
		2AFA77FD2745F9BD00E9A0D5 /* ImageRequest.swift */ = {isa = PBXFileReference; lastKnownFileType = sourcecode.swift; path = ImageRequest.swift; sourceTree = "<group>"; };
		66C9B285A35B1E13D16D4B87 /* Pods-JenUnitTests.release.xcconfig */ = {isa = PBXFileReference; includeInIndex = 1; lastKnownFileType = text.xcconfig; name = "Pods-JenUnitTests.release.xcconfig"; path = "Target Support Files/Pods-JenUnitTests/Pods-JenUnitTests.release.xcconfig"; sourceTree = "<group>"; };
		6C70B28978BB0F88B065E98F /* libPods-JenUnitTests.a */ = {isa = PBXFileReference; explicitFileType = archive.ar; includeInIndex = 0; path = "libPods-JenUnitTests.a"; sourceTree = BUILT_PRODUCTS_DIR; };
		744B639C738A169AA4190B09 /* Pods-JenUnitTests.debug.xcconfig */ = {isa = PBXFileReference; includeInIndex = 1; lastKnownFileType = text.xcconfig; name = "Pods-JenUnitTests.debug.xcconfig"; path = "Target Support Files/Pods-JenUnitTests/Pods-JenUnitTests.debug.xcconfig"; sourceTree = "<group>"; };
		A6369EFDB03F846C5AC974BD /* libPods-JenTest.a */ = {isa = PBXFileReference; explicitFileType = archive.ar; includeInIndex = 0; path = "libPods-JenTest.a"; sourceTree = BUILT_PRODUCTS_DIR; };
/* End PBXFileReference section */

/* Begin PBXFrameworksBuildPhase section */
		2A120AA8226F421F0084DB8F /* Frameworks */ = {
			isa = PBXFrameworksBuildPhase;
			buildActionMask = 2147483647;
			files = (
				2A84313726E795A400A6F209 /* libc++.tbd in Frameworks */,
				E3130270DD13C906DA22DF20 /* libPods-JenTest.a in Frameworks */,
			);
			runOnlyForDeploymentPostprocessing = 0;
		};
		2AE2C6482484FA51001F69B6 /* Frameworks */ = {
			isa = PBXFrameworksBuildPhase;
			buildActionMask = 2147483647;
			files = (
				A4C3EC685392E6B803A774A1 /* libPods-JenUnitTests.a in Frameworks */,
			);
			runOnlyForDeploymentPostprocessing = 0;
		};
/* End PBXFrameworksBuildPhase section */

/* Begin PBXGroup section */
		2A120AA2226F421F0084DB8F = {
			isa = PBXGroup;
			children = (
				2A120AAD226F421F0084DB8F /* JenTest */,
				2ADB66C926EA1BC000173E1B /* Resources */,
				2AE2C64C2484FA51001F69B6 /* JenUnitTests */,
				2A120AAC226F421F0084DB8F /* Products */,
				838E0235D5B6415EF5B6D817 /* Pods */,
				E02DF2A16FCBCEED239E09D7 /* Frameworks */,
			);
			sourceTree = "<group>";
		};
		2A120AAC226F421F0084DB8F /* Products */ = {
			isa = PBXGroup;
			children = (
				2A120AAB226F421F0084DB8F /* JenTest.app */,
				2AE2C64B2484FA51001F69B6 /* JenUnitTests.xctest */,
			);
			name = Products;
			sourceTree = "<group>";
		};
		2A120AAD226F421F0084DB8F /* JenTest */ = {
			isa = PBXGroup;
			children = (
				2A6A2D6E2730E86F00E4FEDA /* Playground */,
				2A9B498E26F0455100505E3A /* Category */,
				2AC86EE8273A67BB00ED9393 /* QuadTree */,
				2A609374273B6DFA000D7D26 /* Networker */,
				2A50857E274B6C770018F2B8 /* BitViewer */,
				2A120AAE226F421F0084DB8F /* AppDelegate.h */,
				2A120AAF226F421F0084DB8F /* AppDelegate.m */,
				2A60937F273B8E44000D7D26 /* ViewController.swift */,
				2AB8AC9027211B020051C134 /* PrintViewController.h */,
				2AB8AC9127211B020051C134 /* PrintViewController.m */,
				2AB29CD4237C150500A1A8CB /* JenTest.swift */,
				2A120AB4226F421F0084DB8F /* Main.storyboard */,
				2A120AB7226F42210084DB8F /* Assets.xcassets */,
				2A43A1A326E8DF9F003F618A /* filedata.xcassets */,
				2A120AB9226F42210084DB8F /* LaunchScreen.storyboard */,
				2A120ABC226F42210084DB8F /* Info.plist */,
				2A120ABD226F42210084DB8F /* main.m */,
				2AB29CCF237C107300A1A8CB /* JenTest-Bridging-Header.h */,
			);
			path = JenTest;
			sourceTree = "<group>";
		};
		2A50857E274B6C770018F2B8 /* BitViewer */ = {
			isa = PBXGroup;
			children = (
				2A50857F274B6CA50018F2B8 /* Model */,
			);
			path = BitViewer;
			sourceTree = "<group>";
		};
		2A50857F274B6CA50018F2B8 /* Model */ = {
			isa = PBXGroup;
			children = (
				2A508580274B6CBD0018F2B8 /* ModelStore.swift */,
				2A508582274B6CFD0018F2B8 /* TypeSelection.swift */,
				2A508584274B6F580018F2B8 /* BitSemantic.swift */,
				2A508586274B6FD00018F2B8 /* NumericOperations.swift */,
			);
			path = Model;
			sourceTree = "<group>";
		};
		2A609374273B6DFA000D7D26 /* Networker */ = {
			isa = PBXGroup;
			children = (
				2A609375273B7010000D7D26 /* Request.swift */,
				2A609377273B71C4000D7D26 /* ArticleRequest.swift */,
				2AFA77FD2745F9BD00E9A0D5 /* ImageRequest.swift */,
				2A1C5D5027460F0000706A0C /* RequestCache.swift */,
				2A609379273B7351000D7D26 /* Networker.swift */,
				2A60937D273B786D000D7D26 /* Article.swift */,
				2A60937B273B7572000D7D26 /* ArticlesViewModel.swift */,
				2A609383273BA02F000D7D26 /* URLSessionDecodable.swift */,
			);
			path = Networker;
			sourceTree = "<group>";
		};
		2A6A2D6E2730E86F00E4FEDA /* Playground */ = {
			isa = PBXGroup;
			children = (
				2A68E327272DA4E6004DA5BD /* Basic.playground */,
				2A6A2D6D2730E82F00E4FEDA /* Closure.playground */,
				2A6A2D6F273121BD00E4FEDA /* Enum.playground */,
				2AB85D4B273235D2003516C7 /* Class.playground */,
				2AD989D92733870900FF3942 /* Initialization.playground */,
				2AD989DC2734D1E700FF3942 /* Exception.playground */,
				2AD989DD2734E43B00FF3942 /* Concurrency.playground */,
				2AD989DE2735271C00FF3942 /* Extension.playground */,
				2A0D3E1027366D2200C169F0 /* ARC.playground */,
				2AC86EE7273A278C00ED9393 /* Exercise01.playground */,
				2AC86EF1273A83FC00ED9393 /* Protocols.playground */,
				2A8B041427449D7E0031D8DE /* Generic.playground */,
				2A04692B277180EE000BBD55 /* Test.playground */,
			);
			path = Playground;
			sourceTree = "<group>";
		};
		2A9B498E26F0455100505E3A /* Category */ = {
			isa = PBXGroup;
			children = (
				2A87999C276CA90400C3165C /* String+Extensions.swift */,
				2ADF245E27114337008B817C /* UIColor+Hex.h */,
				2ADF245D27114337008B817C /* UIColor+Hex.m */,
				2A9B499226F045E600505E3A /* NSDictionary+HJBlocks.h */,
				2A9B499326F045E600505E3A /* NSDictionary+HJBlocks.m */,
				2A9B499826F046C100505E3A /* NSArray+HJBlocks.h */,
				2A9B499926F046C100505E3A /* NSArray+HJBlocks.m */,
				2A9B499026F0456100505E3A /* NSString+Ext.h */,
				2A9B498F26F0456100505E3A /* NSString+Ext.m */,
			);
			path = Category;
			sourceTree = "<group>";
		};
		2AC86EE8273A67BB00ED9393 /* QuadTree */ = {
			isa = PBXGroup;
			children = (
				2AC86EE9273A67F500ED9393 /* ContentView.swift */,
				2AC86EEB273A680E00ED9393 /* QuadTree.swift */,
				2AC86EED273A681F00ED9393 /* QuadTreeView.swift */,
				2AC86EEF273A682900ED9393 /* QuadTreeViewModel.swift */,
			);
			path = QuadTree;
			sourceTree = "<group>";
		};
		2ADB66C926EA1BC000173E1B /* Resources */ = {
			isa = PBXGroup;
			children = (
			);
			path = Resources;
			sourceTree = "<group>";
		};
		2AE2C64C2484FA51001F69B6 /* JenUnitTests */ = {
			isa = PBXGroup;
			children = (
				2AE2C65D248505F7001F69B6 /* Frameworks.h */,
				2A609385273BAD0D000D7D26 /* ArticlesViewModelTests.swift */,
				2A8CC5E92774293C0065BA3E /* FoundationTests.swift */,
				2AE2C64D2484FA51001F69B6 /* RACStreamTests.m */,
				2AE2C65B2485043B001F69B6 /* RACSignalTests.m */,
				2A25A72024860A7E00402A55 /* RACRequenceTests.m */,
				2AE2C64F2484FA51001F69B6 /* Info.plist */,
			);
			path = JenUnitTests;
			sourceTree = "<group>";
		};
		838E0235D5B6415EF5B6D817 /* Pods */ = {
			isa = PBXGroup;
			children = (
				23A88EEF7A21D891E820C2E7 /* Pods-JenTest.debug.xcconfig */,
				1C6427A10D4DC6503515AFD9 /* Pods-JenTest.release.xcconfig */,
				744B639C738A169AA4190B09 /* Pods-JenUnitTests.debug.xcconfig */,
				66C9B285A35B1E13D16D4B87 /* Pods-JenUnitTests.release.xcconfig */,
			);
			path = Pods;
			sourceTree = "<group>";
		};
		E02DF2A16FCBCEED239E09D7 /* Frameworks */ = {
			isa = PBXGroup;
			children = (
				2A84313826E795AA00A6F209 /* libc++abi.tbd */,
				2A84313626E7958A00A6F209 /* libc++.tbd */,
				A6369EFDB03F846C5AC974BD /* libPods-JenTest.a */,
				6C70B28978BB0F88B065E98F /* libPods-JenUnitTests.a */,
			);
			name = Frameworks;
			sourceTree = "<group>";
		};
/* End PBXGroup section */

/* Begin PBXNativeTarget section */
		2A120AAA226F421F0084DB8F /* JenTest */ = {
			isa = PBXNativeTarget;
			buildConfigurationList = 2A120AC1226F42210084DB8F /* Build configuration list for PBXNativeTarget "JenTest" */;
			buildPhases = (
				ACB1E44A13D9229EA393490F /* [CP] Check Pods Manifest.lock */,
				2A120AA7226F421F0084DB8F /* Sources */,
				2A120AA8226F421F0084DB8F /* Frameworks */,
				2A120AA9226F421F0084DB8F /* Resources */,
				2AC5958A2270225800A6676D /* Embed Frameworks */,
				4388C75EFD9B91871AF4B9C0 /* [CP] Embed Pods Frameworks */,
			);
			buildRules = (
			);
			dependencies = (
			);
			name = JenTest;
			productName = JenTest;
			productReference = 2A120AAB226F421F0084DB8F /* JenTest.app */;
			productType = "com.apple.product-type.application";
		};
		2AE2C64A2484FA51001F69B6 /* JenUnitTests */ = {
			isa = PBXNativeTarget;
			buildConfigurationList = 2AE2C6542484FA51001F69B6 /* Build configuration list for PBXNativeTarget "JenUnitTests" */;
			buildPhases = (
				DB1F8FEB2221BC5F3D1BF384 /* [CP] Check Pods Manifest.lock */,
				2AE2C6472484FA51001F69B6 /* Sources */,
				2AE2C6482484FA51001F69B6 /* Frameworks */,
				2AE2C6492484FA51001F69B6 /* Resources */,
			);
			buildRules = (
			);
			dependencies = (
				2AE2C6512484FA51001F69B6 /* PBXTargetDependency */,
			);
			name = JenUnitTests;
			productName = JenUnitTests;
			productReference = 2AE2C64B2484FA51001F69B6 /* JenUnitTests.xctest */;
			productType = "com.apple.product-type.bundle.unit-test";
		};
/* End PBXNativeTarget section */

/* Begin PBXProject section */
		2A120AA3226F421F0084DB8F /* Project object */ = {
			isa = PBXProject;
			attributes = {
				LastUpgradeCheck = 1020;
				ORGANIZATIONNAME = MJHF;
				TargetAttributes = {
					2A120AAA226F421F0084DB8F = {
						CreatedOnToolsVersion = 10.2;
						LastSwiftMigration = 1120;
					};
					2AE2C64A2484FA51001F69B6 = {
						CreatedOnToolsVersion = 11.3.1;
						TestTargetID = 2A120AAA226F421F0084DB8F;
					};
				};
			};
			buildConfigurationList = 2A120AA6226F421F0084DB8F /* Build configuration list for PBXProject "JenTest" */;
			compatibilityVersion = "Xcode 9.3";
			developmentRegion = en;
			hasScannedForEncodings = 0;
			knownRegions = (
				en,
				Base,
			);
			mainGroup = 2A120AA2226F421F0084DB8F;
			productRefGroup = 2A120AAC226F421F0084DB8F /* Products */;
			projectDirPath = "";
			projectRoot = "";
			targets = (
				2A120AAA226F421F0084DB8F /* JenTest */,
				2AE2C64A2484FA51001F69B6 /* JenUnitTests */,
			);
		};
/* End PBXProject section */

/* Begin PBXResourcesBuildPhase section */
		2A120AA9226F421F0084DB8F /* Resources */ = {
			isa = PBXResourcesBuildPhase;
			buildActionMask = 2147483647;
			files = (
				2A120ABB226F42210084DB8F /* LaunchScreen.storyboard in Resources */,
				2A43A1A426E8DF9F003F618A /* filedata.xcassets in Resources */,
				2A120AB8226F42210084DB8F /* Assets.xcassets in Resources */,
				2A120AB6226F421F0084DB8F /* Main.storyboard in Resources */,
			);
			runOnlyForDeploymentPostprocessing = 0;
		};
		2AE2C6492484FA51001F69B6 /* Resources */ = {
			isa = PBXResourcesBuildPhase;
			buildActionMask = 2147483647;
			files = (
			);
			runOnlyForDeploymentPostprocessing = 0;
		};
/* End PBXResourcesBuildPhase section */

/* Begin PBXShellScriptBuildPhase section */
		4388C75EFD9B91871AF4B9C0 /* [CP] Embed Pods Frameworks */ = {
			isa = PBXShellScriptBuildPhase;
			buildActionMask = 2147483647;
			files = (
			);
			inputFileListPaths = (
				"${PODS_ROOT}/Target Support Files/Pods-JenTest/Pods-JenTest-frameworks-${CONFIGURATION}-input-files.xcfilelist",
			);
			name = "[CP] Embed Pods Frameworks";
			outputFileListPaths = (
				"${PODS_ROOT}/Target Support Files/Pods-JenTest/Pods-JenTest-frameworks-${CONFIGURATION}-output-files.xcfilelist",
			);
			runOnlyForDeploymentPostprocessing = 0;
			shellPath = /bin/sh;
			shellScript = "\"${PODS_ROOT}/Target Support Files/Pods-JenTest/Pods-JenTest-frameworks.sh\"\n";
			showEnvVarsInLog = 0;
		};
		ACB1E44A13D9229EA393490F /* [CP] Check Pods Manifest.lock */ = {
			isa = PBXShellScriptBuildPhase;
			buildActionMask = 2147483647;
			files = (
			);
			inputFileListPaths = (
			);
			inputPaths = (
				"${PODS_PODFILE_DIR_PATH}/Podfile.lock",
				"${PODS_ROOT}/Manifest.lock",
			);
			name = "[CP] Check Pods Manifest.lock";
			outputFileListPaths = (
			);
			outputPaths = (
				"$(DERIVED_FILE_DIR)/Pods-JenTest-checkManifestLockResult.txt",
			);
			runOnlyForDeploymentPostprocessing = 0;
			shellPath = /bin/sh;
			shellScript = "diff \"${PODS_PODFILE_DIR_PATH}/Podfile.lock\" \"${PODS_ROOT}/Manifest.lock\" > /dev/null\nif [ $? != 0 ] ; then\n    # print error to STDERR\n    echo \"error: The sandbox is not in sync with the Podfile.lock. Run 'pod install' or update your CocoaPods installation.\" >&2\n    exit 1\nfi\n# This output is used by Xcode 'outputs' to avoid re-running this script phase.\necho \"SUCCESS\" > \"${SCRIPT_OUTPUT_FILE_0}\"\n";
			showEnvVarsInLog = 0;
		};
		DB1F8FEB2221BC5F3D1BF384 /* [CP] Check Pods Manifest.lock */ = {
			isa = PBXShellScriptBuildPhase;
			buildActionMask = 2147483647;
			files = (
			);
			inputFileListPaths = (
			);
			inputPaths = (
				"${PODS_PODFILE_DIR_PATH}/Podfile.lock",
				"${PODS_ROOT}/Manifest.lock",
			);
			name = "[CP] Check Pods Manifest.lock";
			outputFileListPaths = (
			);
			outputPaths = (
				"$(DERIVED_FILE_DIR)/Pods-JenUnitTests-checkManifestLockResult.txt",
			);
			runOnlyForDeploymentPostprocessing = 0;
			shellPath = /bin/sh;
			shellScript = "diff \"${PODS_PODFILE_DIR_PATH}/Podfile.lock\" \"${PODS_ROOT}/Manifest.lock\" > /dev/null\nif [ $? != 0 ] ; then\n    # print error to STDERR\n    echo \"error: The sandbox is not in sync with the Podfile.lock. Run 'pod install' or update your CocoaPods installation.\" >&2\n    exit 1\nfi\n# This output is used by Xcode 'outputs' to avoid re-running this script phase.\necho \"SUCCESS\" > \"${SCRIPT_OUTPUT_FILE_0}\"\n";
			showEnvVarsInLog = 0;
		};
/* End PBXShellScriptBuildPhase section */

/* Begin PBXSourcesBuildPhase section */
		2A120AA7226F421F0084DB8F /* Sources */ = {
			isa = PBXSourcesBuildPhase;
			buildActionMask = 2147483647;
			files = (
				2AB8AC9227211B020051C134 /* PrintViewController.m in Sources */,
				2A508581274B6CBD0018F2B8 /* ModelStore.swift in Sources */,
				2A9B499A26F046C100505E3A /* NSArray+HJBlocks.m in Sources */,
				2A60937E273B786D000D7D26 /* Article.swift in Sources */,
				2AC86EF0273A682900ED9393 /* QuadTreeViewModel.swift in Sources */,
				2A9B499426F045E600505E3A /* NSDictionary+HJBlocks.m in Sources */,
				2AC86EEC273A680E00ED9393 /* QuadTree.swift in Sources */,
				2A508585274B6F580018F2B8 /* BitSemantic.swift in Sources */,
				2AB29CD5237C150500A1A8CB /* JenTest.swift in Sources */,
				2ADF245F27114337008B817C /* UIColor+Hex.m in Sources */,
				2AC86EEA273A67F500ED9393 /* ContentView.swift in Sources */,
				2AFA77FE2745F9BD00E9A0D5 /* ImageRequest.swift in Sources */,
				2A9B499126F0456100505E3A /* NSString+Ext.m in Sources */,
				2A120ABE226F42210084DB8F /* main.m in Sources */,
				2A87999D276CA90400C3165C /* String+Extensions.swift in Sources */,
				2A60937A273B7351000D7D26 /* Networker.swift in Sources */,
				2A609380273B8E44000D7D26 /* ViewController.swift in Sources */,
				2A609376273B7010000D7D26 /* Request.swift in Sources */,
				2A1C5D5127460F0000706A0C /* RequestCache.swift in Sources */,
				2A609384273BA02F000D7D26 /* URLSessionDecodable.swift in Sources */,
				2A508587274B6FD00018F2B8 /* NumericOperations.swift in Sources */,
				2A120AB0226F421F0084DB8F /* AppDelegate.m in Sources */,
				2AC86EEE273A681F00ED9393 /* QuadTreeView.swift in Sources */,
				2A508583274B6CFD0018F2B8 /* TypeSelection.swift in Sources */,
				2A60937C273B7572000D7D26 /* ArticlesViewModel.swift in Sources */,
				2A609378273B71C4000D7D26 /* ArticleRequest.swift in Sources */,
			);
			runOnlyForDeploymentPostprocessing = 0;
		};
		2AE2C6472484FA51001F69B6 /* Sources */ = {
			isa = PBXSourcesBuildPhase;
			buildActionMask = 2147483647;
			files = (
				2AE2C65C2485043B001F69B6 /* RACSignalTests.m in Sources */,
				2A609387273BAE01000D7D26 /* ArticlesViewModelTests.swift in Sources */,
				2AE2C64E2484FA51001F69B6 /* RACStreamTests.m in Sources */,
				2A25A72124860A7E00402A55 /* RACRequenceTests.m in Sources */,
				2A8CC5EA2774293C0065BA3E /* FoundationTests.swift in Sources */,
			);
			runOnlyForDeploymentPostprocessing = 0;
		};
/* End PBXSourcesBuildPhase section */

/* Begin PBXTargetDependency section */
		2AE2C6512484FA51001F69B6 /* PBXTargetDependency */ = {
			isa = PBXTargetDependency;
			target = 2A120AAA226F421F0084DB8F /* JenTest */;
			targetProxy = 2AE2C6502484FA51001F69B6 /* PBXContainerItemProxy */;
		};
/* End PBXTargetDependency section */

/* Begin PBXVariantGroup section */
		2A120AB4226F421F0084DB8F /* Main.storyboard */ = {
			isa = PBXVariantGroup;
			children = (
				2A120AB5226F421F0084DB8F /* Base */,
			);
			name = Main.storyboard;
			sourceTree = "<group>";
		};
		2A120AB9226F42210084DB8F /* LaunchScreen.storyboard */ = {
			isa = PBXVariantGroup;
			children = (
				2A120ABA226F42210084DB8F /* Base */,
			);
			name = LaunchScreen.storyboard;
			sourceTree = "<group>";
		};
/* End PBXVariantGroup section */

/* Begin XCBuildConfiguration section */
		2A120ABF226F42210084DB8F /* Debug */ = {
			isa = XCBuildConfiguration;
			buildSettings = {
				ALWAYS_SEARCH_USER_PATHS = NO;
				CLANG_ANALYZER_NONNULL = YES;
				CLANG_ANALYZER_NUMBER_OBJECT_CONVERSION = YES_AGGRESSIVE;
				CLANG_CXX_LANGUAGE_STANDARD = "gnu++14";
				CLANG_CXX_LIBRARY = "libc++";
				CLANG_ENABLE_MODULES = YES;
				CLANG_ENABLE_OBJC_ARC = YES;
				CLANG_ENABLE_OBJC_WEAK = YES;
				CLANG_WARN_BLOCK_CAPTURE_AUTORELEASING = YES;
				CLANG_WARN_BOOL_CONVERSION = YES;
				CLANG_WARN_COMMA = YES;
				CLANG_WARN_CONSTANT_CONVERSION = YES;
				CLANG_WARN_DEPRECATED_OBJC_IMPLEMENTATIONS = YES;
				CLANG_WARN_DIRECT_OBJC_ISA_USAGE = YES_ERROR;
				CLANG_WARN_DOCUMENTATION_COMMENTS = YES;
				CLANG_WARN_EMPTY_BODY = YES;
				CLANG_WARN_ENUM_CONVERSION = YES;
				CLANG_WARN_INFINITE_RECURSION = YES;
				CLANG_WARN_INT_CONVERSION = YES;
				CLANG_WARN_NON_LITERAL_NULL_CONVERSION = YES;
				CLANG_WARN_OBJC_IMPLICIT_RETAIN_SELF = YES;
				CLANG_WARN_OBJC_LITERAL_CONVERSION = YES;
				CLANG_WARN_OBJC_ROOT_CLASS = YES_ERROR;
				CLANG_WARN_RANGE_LOOP_ANALYSIS = YES;
				CLANG_WARN_STRICT_PROTOTYPES = YES;
				CLANG_WARN_SUSPICIOUS_MOVE = YES;
				CLANG_WARN_UNGUARDED_AVAILABILITY = YES_AGGRESSIVE;
				CLANG_WARN_UNREACHABLE_CODE = YES;
				CLANG_WARN__DUPLICATE_METHOD_MATCH = YES;
				CODE_SIGN_IDENTITY = "iPhone Developer";
				COPY_PHASE_STRIP = NO;
				DEBUG_INFORMATION_FORMAT = dwarf;
				ENABLE_STRICT_OBJC_MSGSEND = YES;
				ENABLE_TESTABILITY = YES;
				GCC_C_LANGUAGE_STANDARD = gnu11;
				GCC_DYNAMIC_NO_PIC = NO;
				GCC_NO_COMMON_BLOCKS = YES;
				GCC_OPTIMIZATION_LEVEL = 0;
				GCC_PREPROCESSOR_DEFINITIONS = (
					"DEBUG=1",
					"$(inherited)",
				);
				GCC_WARN_64_TO_32_BIT_CONVERSION = YES;
				GCC_WARN_ABOUT_RETURN_TYPE = YES_ERROR;
				GCC_WARN_UNDECLARED_SELECTOR = YES;
				GCC_WARN_UNINITIALIZED_AUTOS = YES_AGGRESSIVE;
				GCC_WARN_UNUSED_FUNCTION = YES;
				GCC_WARN_UNUSED_VARIABLE = YES;
				HEADER_SEARCH_PATHS = "$(inherited)";
				IPHONEOS_DEPLOYMENT_TARGET = 9.0;
				MTL_ENABLE_DEBUG_INFO = INCLUDE_SOURCE;
				MTL_FAST_MATH = YES;
				ONLY_ACTIVE_ARCH = YES;
				SDKROOT = iphoneos;
			};
			name = Debug;
		};
		2A120AC0226F42210084DB8F /* Release */ = {
			isa = XCBuildConfiguration;
			buildSettings = {
				ALWAYS_SEARCH_USER_PATHS = NO;
				CLANG_ANALYZER_NONNULL = YES;
				CLANG_ANALYZER_NUMBER_OBJECT_CONVERSION = YES_AGGRESSIVE;
				CLANG_CXX_LANGUAGE_STANDARD = "gnu++14";
				CLANG_CXX_LIBRARY = "libc++";
				CLANG_ENABLE_MODULES = YES;
				CLANG_ENABLE_OBJC_ARC = YES;
				CLANG_ENABLE_OBJC_WEAK = YES;
				CLANG_WARN_BLOCK_CAPTURE_AUTORELEASING = YES;
				CLANG_WARN_BOOL_CONVERSION = YES;
				CLANG_WARN_COMMA = YES;
				CLANG_WARN_CONSTANT_CONVERSION = YES;
				CLANG_WARN_DEPRECATED_OBJC_IMPLEMENTATIONS = YES;
				CLANG_WARN_DIRECT_OBJC_ISA_USAGE = YES_ERROR;
				CLANG_WARN_DOCUMENTATION_COMMENTS = YES;
				CLANG_WARN_EMPTY_BODY = YES;
				CLANG_WARN_ENUM_CONVERSION = YES;
				CLANG_WARN_INFINITE_RECURSION = YES;
				CLANG_WARN_INT_CONVERSION = YES;
				CLANG_WARN_NON_LITERAL_NULL_CONVERSION = YES;
				CLANG_WARN_OBJC_IMPLICIT_RETAIN_SELF = YES;
				CLANG_WARN_OBJC_LITERAL_CONVERSION = YES;
				CLANG_WARN_OBJC_ROOT_CLASS = YES_ERROR;
				CLANG_WARN_RANGE_LOOP_ANALYSIS = YES;
				CLANG_WARN_STRICT_PROTOTYPES = YES;
				CLANG_WARN_SUSPICIOUS_MOVE = YES;
				CLANG_WARN_UNGUARDED_AVAILABILITY = YES_AGGRESSIVE;
				CLANG_WARN_UNREACHABLE_CODE = YES;
				CLANG_WARN__DUPLICATE_METHOD_MATCH = YES;
				CODE_SIGN_IDENTITY = "iPhone Developer";
				COPY_PHASE_STRIP = NO;
				DEBUG_INFORMATION_FORMAT = "dwarf-with-dsym";
				ENABLE_NS_ASSERTIONS = NO;
				ENABLE_STRICT_OBJC_MSGSEND = YES;
				GCC_C_LANGUAGE_STANDARD = gnu11;
				GCC_NO_COMMON_BLOCKS = YES;
				GCC_WARN_64_TO_32_BIT_CONVERSION = YES;
				GCC_WARN_ABOUT_RETURN_TYPE = YES_ERROR;
				GCC_WARN_UNDECLARED_SELECTOR = YES;
				GCC_WARN_UNINITIALIZED_AUTOS = YES_AGGRESSIVE;
				GCC_WARN_UNUSED_FUNCTION = YES;
				GCC_WARN_UNUSED_VARIABLE = YES;
				HEADER_SEARCH_PATHS = "$(inherited)";
				IPHONEOS_DEPLOYMENT_TARGET = 9.0;
				MTL_ENABLE_DEBUG_INFO = NO;
				MTL_FAST_MATH = YES;
				SDKROOT = iphoneos;
				VALIDATE_PRODUCT = YES;
			};
			name = Release;
		};
		2A120AC2226F42210084DB8F /* Debug */ = {
			isa = XCBuildConfiguration;
			baseConfigurationReference = 23A88EEF7A21D891E820C2E7 /* Pods-JenTest.debug.xcconfig */;
			buildSettings = {
				ASSETCATALOG_COMPILER_APPICON_NAME = AppIcon;
				CLANG_ENABLE_MODULES = YES;
				CODE_SIGN_IDENTITY = "iPhone Developer";
				CODE_SIGN_STYLE = Automatic;
				DEVELOPMENT_TEAM = 48E3LB8PD7;
				ENABLE_BITCODE = NO;
				FRAMEWORK_SEARCH_PATHS = "$(inherited)";
				HEADER_SEARCH_PATHS = "$(inherited)";
				INFOPLIST_FILE = JenTest/Info.plist;
				IPHONEOS_DEPLOYMENT_TARGET = 9.0;
				LD_RUNPATH_SEARCH_PATHS = (
					"$(inherited)",
					"@executable_path/Frameworks",
				);
				LIBRARY_SEARCH_PATHS = "$(inherited)";
				OTHER_CPLUSPLUSFLAGS = (
					"$(OTHER_CFLAGS)",
					"-fcxx-modules",
				);
				PRODUCT_BUNDLE_IDENTIFIER = com.huajiao.jenkinsTest.JenTest;
				PRODUCT_NAME = "$(TARGET_NAME)";
				PROVISIONING_PROFILE_SPECIFIER = "";
				SWIFT_OBJC_BRIDGING_HEADER = "JenTest/JenTest-Bridging-Header.h";
				SWIFT_OPTIMIZATION_LEVEL = "-Onone";
				SWIFT_VERSION = 5.0;
				TARGETED_DEVICE_FAMILY = "1,2";
			};
			name = Debug;
		};
		2A120AC3226F42210084DB8F /* Release */ = {
			isa = XCBuildConfiguration;
			baseConfigurationReference = 1C6427A10D4DC6503515AFD9 /* Pods-JenTest.release.xcconfig */;
			buildSettings = {
				ASSETCATALOG_COMPILER_APPICON_NAME = AppIcon;
				CLANG_ENABLE_MODULES = YES;
				CODE_SIGN_IDENTITY = "iPhone Developer";
				CODE_SIGN_STYLE = Automatic;
				DEVELOPMENT_TEAM = 48E3LB8PD7;
				ENABLE_BITCODE = NO;
				FRAMEWORK_SEARCH_PATHS = "$(inherited)";
				HEADER_SEARCH_PATHS = "$(inherited)";
				INFOPLIST_FILE = JenTest/Info.plist;
				IPHONEOS_DEPLOYMENT_TARGET = 9.0;
				LD_RUNPATH_SEARCH_PATHS = (
					"$(inherited)",
					"@executable_path/Frameworks",
				);
				LIBRARY_SEARCH_PATHS = "$(inherited)";
				OTHER_CPLUSPLUSFLAGS = (
					"$(OTHER_CFLAGS)",
					"-fcxx-modules",
				);
				PRODUCT_BUNDLE_IDENTIFIER = com.huajiao.jenkinsTest.JenTest;
				PRODUCT_NAME = "$(TARGET_NAME)";
				PROVISIONING_PROFILE_SPECIFIER = "";
				SWIFT_OBJC_BRIDGING_HEADER = "JenTest/JenTest-Bridging-Header.h";
				SWIFT_VERSION = 5.0;
				TARGETED_DEVICE_FAMILY = "1,2";
			};
			name = Release;
		};
		2AE2C6522484FA51001F69B6 /* Debug */ = {
			isa = XCBuildConfiguration;
			baseConfigurationReference = 744B639C738A169AA4190B09 /* Pods-JenUnitTests.debug.xcconfig */;
			buildSettings = {
				ALWAYS_EMBED_SWIFT_STANDARD_LIBRARIES = YES;
				BUNDLE_LOADER = "$(TEST_HOST)";
				CODE_SIGN_STYLE = Automatic;
				DEVELOPMENT_TEAM = 48E3LB8PD7;
				INFOPLIST_FILE = JenUnitTests/Info.plist;
				IPHONEOS_DEPLOYMENT_TARGET = 9.0;
				LD_RUNPATH_SEARCH_PATHS = (
					"$(inherited)",
					"@executable_path/Frameworks",
					"@loader_path/Frameworks",
				);
				PRODUCT_BUNDLE_IDENTIFIER = com.huajiao.stereotype.JenUnitTests;
				PRODUCT_NAME = "$(TARGET_NAME)";
				SWIFT_VERSION = 5.0;
				TARGETED_DEVICE_FAMILY = "1,2";
				TEST_HOST = "$(BUILT_PRODUCTS_DIR)/JenTest.app/JenTest";
			};
			name = Debug;
		};
		2AE2C6532484FA51001F69B6 /* Release */ = {
			isa = XCBuildConfiguration;
			baseConfigurationReference = 66C9B285A35B1E13D16D4B87 /* Pods-JenUnitTests.release.xcconfig */;
			buildSettings = {
				ALWAYS_EMBED_SWIFT_STANDARD_LIBRARIES = YES;
				BUNDLE_LOADER = "$(TEST_HOST)";
				CODE_SIGN_STYLE = Automatic;
				DEVELOPMENT_TEAM = 48E3LB8PD7;
				INFOPLIST_FILE = JenUnitTests/Info.plist;
				IPHONEOS_DEPLOYMENT_TARGET = 9.0;
				LD_RUNPATH_SEARCH_PATHS = (
					"$(inherited)",
					"@executable_path/Frameworks",
					"@loader_path/Frameworks",
				);
				PRODUCT_BUNDLE_IDENTIFIER = com.huajiao.stereotype.JenUnitTests;
				PRODUCT_NAME = "$(TARGET_NAME)";
				SWIFT_VERSION = 5.0;
				TARGETED_DEVICE_FAMILY = "1,2";
				TEST_HOST = "$(BUILT_PRODUCTS_DIR)/JenTest.app/JenTest";
			};
			name = Release;
		};
/* End XCBuildConfiguration section */

/* Begin XCConfigurationList section */
		2A120AA6226F421F0084DB8F /* Build configuration list for PBXProject "JenTest" */ = {
			isa = XCConfigurationList;
			buildConfigurations = (
				2A120ABF226F42210084DB8F /* Debug */,
				2A120AC0226F42210084DB8F /* Release */,
			);
			defaultConfigurationIsVisible = 0;
			defaultConfigurationName = Release;
		};
		2A120AC1226F42210084DB8F /* Build configuration list for PBXNativeTarget "JenTest" */ = {
			isa = XCConfigurationList;
			buildConfigurations = (
				2A120AC2226F42210084DB8F /* Debug */,
				2A120AC3226F42210084DB8F /* Release */,
			);
			defaultConfigurationIsVisible = 0;
			defaultConfigurationName = Release;
		};
		2AE2C6542484FA51001F69B6 /* Build configuration list for PBXNativeTarget "JenUnitTests" */ = {
			isa = XCConfigurationList;
			buildConfigurations = (
				2AE2C6522484FA51001F69B6 /* Debug */,
				2AE2C6532484FA51001F69B6 /* Release */,
			);
			defaultConfigurationIsVisible = 0;
			defaultConfigurationName = Release;
		};
/* End XCConfigurationList section */
	};
	rootObject = 2A120AA3226F421F0084DB8F /* Project object */;
}
